
Microsoft Visual Studio Solution File, Format Version 12.00
# Visual Studio Version 16
VisualStudioVersion = 16.0.29609.76
MinimumVisualStudioVersion = 10.0.40219.1
Project("{FAE04EC0-301F-11D3-BF4B-00C04F79EFBC}") = "api-with-jwt-auth", "api-with-jwt-auth\api-with-jwt-auth.csproj", "{1B24FBD9-3046-485C-AA6B-2F3C3518F067}"
EndProject
Global
	GlobalSection(SolutionConfigurationPlatforms) = preSolution
		Debug|Any CPU = Debug|Any CPU
		Release|Any CPU = Release|Any CPU
	EndGlobalSection
	GlobalSection(ProjectConfigurationPlatforms) = postSolution
		{1B24FBD9-3046-485C-AA6B-2F3C3518F067}.Debug|Any CPU.ActiveCfg = Debug|Any CPU
		{1B24FBD9-3046-485C-AA6B-2F3C3518F067}.Debug|Any CPU.Build.0 = Debug|Any CPU
		{1B24FBD9-3046-485C-AA6B-2F3C3518F067}.Release|Any CPU.ActiveCfg = Release|Any CPU
		{1B24FBD9-3046-485C-AA6B-2F3C3518F067}.Release|Any CPU.Build.0 = Release|Any CPU
	EndGlobalSection
	GlobalSection(SolutionProperties) = preSolution
		HideSolutionNode = FALSE
	EndGlobalSection
	GlobalSection(ExtensibilityGlobals) = postSolution
		SolutionGuid = {28311D85-FD19-48FE-911D-4A87ED9B45A2}
	EndGlobalSection
EndGlobal
